{
  "originHash" : "c6daaebf28eaabd930fe7a5b2da6ed74442363d96ee0c6fb48fc3270dafb7d15",
  "pins" : [
    {
      "identity" : "snapkit",
      "kind" : "remoteSourceControl",
      "location" : "https://github.com/SnapKit/SnapKit",
      "state" : {
        "revision" : "2842e6e84e82eb9a8dac0100ca90d9444b0307f4",
        "version" : "5.7.1"
      }
    },
    {
      "identity" : "voodu",
      "kind" : "remoteSourceControl",
      "location" : "https://github.com/mitchtreece/Voodu",
      "state" : {
        "revision" : "671f19fd6c2090be17af9705ea027c591b719ef9",
        "version" : "1.2.0"
      }
    }
  ],
  "version" : 3
}
